// !$*UTF8*$!
{
	archiveVersion = 1;
	classes = {
	};
	objectVersion = 50;
	objects = {

/* Begin PBXBuildFile section */
		FE30800725B9A510009B9EA1 /* Meme.swift in Sources */ = {isa = PBXBuildFile; fileRef = FE30800625B9A510009B9EA1 /* Meme.swift */; };
		FE30800B25B9A82D009B9EA1 /* TableViewController.swift in Sources */ = {isa = PBXBuildFile; fileRef = FE30800A25B9A82D009B9EA1 /* TableViewController.swift */; };
		FE30800E25B9A842009B9EA1 /* CollectionViewController.swift in Sources */ = {isa = PBXBuildFile; fileRef = FE30800D25B9A842009B9EA1 /* CollectionViewController.swift */; };
		FE81BC8425A9DD8D0041B347 /* AppDelegate.swift in Sources */ = {isa = PBXBuildFile; fileRef = FE81BC8325A9DD8D0041B347 /* AppDelegate.swift */; };
		FE81BC8625A9DD8D0041B347 /* SceneDelegate.swift in Sources */ = {isa = PBXBuildFile; fileRef = FE81BC8525A9DD8D0041B347 /* SceneDelegate.swift */; };
		FE81BC8825A9DD8D0041B347 /* EditorViewController.swift in Sources */ = {isa = PBXBuildFile; fileRef = FE81BC8725A9DD8D0041B347 /* EditorViewController.swift */; };
		FE81BC8B25A9DD8D0041B347 /* Main.storyboard in Resources */ = {isa = PBXBuildFile; fileRef = FE81BC8925A9DD8D0041B347 /* Main.storyboard */; };
		FE81BC8D25A9DD910041B347 /* Assets.xcassets in Resources */ = {isa = PBXBuildFile; fileRef = FE81BC8C25A9DD910041B347 /* Assets.xcassets */; };
		FE81BC9025A9DD910041B347 /* LaunchScreen.storyboard in Resources */ = {isa = PBXBuildFile; fileRef = FE81BC8E25A9DD910041B347 /* LaunchScreen.storyboard */; };
		FE98752F25BEF22700133E52 /* NavigationViewController.swift in Sources */ = {isa = PBXBuildFile; fileRef = FE98752E25BEF22700133E52 /* NavigationViewController.swift */; };
/* End PBXBuildFile section */

/* Begin PBXFileReference section */
		FE30800625B9A510009B9EA1 /* Meme.swift */ = {isa = PBXFileReference; lastKnownFileType = sourcecode.swift; path = Meme.swift; sourceTree = "<group>"; };
		FE30800A25B9A82D009B9EA1 /* TableViewController.swift */ = {isa = PBXFileReference; lastKnownFileType = sourcecode.swift; path = TableViewController.swift; sourceTree = "<group>"; };
		FE30800D25B9A842009B9EA1 /* CollectionViewController.swift */ = {isa = PBXFileReference; lastKnownFileType = sourcecode.swift; path = CollectionViewController.swift; sourceTree = "<group>"; };
		FE81BC8025A9DD8D0041B347 /* MemeMe1.0.app */ = {isa = PBXFileReference; explicitFileType = wrapper.application; includeInIndex = 0; path = MemeMe1.0.app; sourceTree = BUILT_PRODUCTS_DIR; };
		FE81BC8325A9DD8D0041B347 /* AppDelegate.swift */ = {isa = PBXFileReference; lastKnownFileType = sourcecode.swift; path = AppDelegate.swift; sourceTree = "<group>"; };
		FE81BC8525A9DD8D0041B347 /* SceneDelegate.swift */ = {isa = PBXFileReference; lastKnownFileType = sourcecode.swift; path = SceneDelegate.swift; sourceTree = "<group>"; };
		FE81BC8725A9DD8D0041B347 /* EditorViewController.swift */ = {isa = PBXFileReference; lastKnownFileType = sourcecode.swift; path = EditorViewController.swift; sourceTree = "<group>"; };
		FE81BC8A25A9DD8D0041B347 /* Base */ = {isa = PBXFileReference; lastKnownFileType = file.storyboard; name = Base; path = Base.lproj/Main.storyboard; sourceTree = "<group>"; };
		FE81BC8C25A9DD910041B347 /* Assets.xcassets */ = {isa = PBXFileReference; lastKnownFileType = folder.assetcatalog; path = Assets.xcassets; sourceTree = "<group>"; };
		FE81BC8F25A9DD910041B347 /* Base */ = {isa = PBXFileReference; lastKnownFileType = file.storyboard; name = Base; path = Base.lproj/LaunchScreen.storyboard; sourceTree = "<group>"; };
		FE81BC9125A9DD910041B347 /* Info.plist */ = {isa = PBXFileReference; lastKnownFileType = text.plist.xml; path = Info.plist; sourceTree = "<group>"; };
		FE98752E25BEF22700133E52 /* NavigationViewController.swift */ = {isa = PBXFileReference; lastKnownFileType = sourcecode.swift; path = NavigationViewController.swift; sourceTree = "<group>"; };
/* End PBXFileReference section */

/* Begin PBXFrameworksBuildPhase section */
		FE81BC7D25A9DD8D0041B347 /* Frameworks */ = {
			isa = PBXFrameworksBuildPhase;
			buildActionMask = 2147483647;
			files = (
			);
			runOnlyForDeploymentPostprocessing = 0;
		};
/* End PBXFrameworksBuildPhase section */

/* Begin PBXGroup section */
		FE30800425B9A4AF009B9EA1 /* Controllers */ = {
			isa = PBXGroup;
			children = (
				FE98752E25BEF22700133E52 /* NavigationViewController.swift */,
				FE81BC8725A9DD8D0041B347 /* EditorViewController.swift */,
				FE30800A25B9A82D009B9EA1 /* TableViewController.swift */,
				FE30800D25B9A842009B9EA1 /* CollectionViewController.swift */,
			);
			path = Controllers;
			sourceTree = "<group>";
		};
		FE30800525B9A4CF009B9EA1 /* Model */ = {
			isa = PBXGroup;
			children = (
				FE30800625B9A510009B9EA1 /* Meme.swift */,
			);
			path = Model;
			sourceTree = "<group>";
		};
		FE81BC7725A9DD8D0041B347 = {
			isa = PBXGroup;
			children = (
				FE81BC8225A9DD8D0041B347 /* MemeMe1.0 */,
				FE81BC8125A9DD8D0041B347 /* Products */,
			);
			sourceTree = "<group>";
		};
		FE81BC8125A9DD8D0041B347 /* Products */ = {
			isa = PBXGroup;
			children = (
				FE81BC8025A9DD8D0041B347 /* MemeMe1.0.app */,
			);
			name = Products;
			sourceTree = "<group>";
		};
		FE81BC8225A9DD8D0041B347 /* MemeMe1.0 */ = {
			isa = PBXGroup;
			children = (
				FE98753125BEF24900133E52 /* View */,
				FE30800525B9A4CF009B9EA1 /* Model */,
				FE30800425B9A4AF009B9EA1 /* Controllers */,
				FE81BC8325A9DD8D0041B347 /* AppDelegate.swift */,
				FE81BC8525A9DD8D0041B347 /* SceneDelegate.swift */,
				FE81BC8925A9DD8D0041B347 /* Main.storyboard */,
				FE81BC8C25A9DD910041B347 /* Assets.xcassets */,
				FE81BC8E25A9DD910041B347 /* LaunchScreen.storyboard */,
				FE81BC9125A9DD910041B347 /* Info.plist */,
			);
			path = MemeMe1.0;
			sourceTree = "<group>";
		};
		FE98753125BEF24900133E52 /* View */ = {
			isa = PBXGroup;
			children = (
			);
			path = View;
			sourceTree = "<group>";
		};
/* End PBXGroup section */

/* Begin PBXNativeTarget section */
		FE81BC7F25A9DD8D0041B347 /* MemeMe1.0 */ = {
			isa = PBXNativeTarget;
			buildConfigurationList = FE81BC9425A9DD910041B347 /* Build configuration list for PBXNativeTarget "MemeMe1.0" */;
			buildPhases = (
				FE81BC7C25A9DD8D0041B347 /* Sources */,
				FE81BC7D25A9DD8D0041B347 /* Frameworks */,
				FE81BC7E25A9DD8D0041B347 /* Resources */,
			);
			buildRules = (
			);
			dependencies = (
			);
			name = MemeMe1.0;
			productName = GalleryImagePicker;
			productReference = FE81BC8025A9DD8D0041B347 /* MemeMe1.0.app */;
			productType = "com.apple.product-type.application";
		};
/* End PBXNativeTarget section */

/* Begin PBXProject section */
		FE81BC7825A9DD8D0041B347 /* Project object */ = {
			isa = PBXProject;
			attributes = {
				LastSwiftUpdateCheck = 1220;
				LastUpgradeCheck = 1220;
				TargetAttributes = {
					FE81BC7F25A9DD8D0041B347 = {
						CreatedOnToolsVersion = 12.2;
					};
				};
			};
			buildConfigurationList = FE81BC7B25A9DD8D0041B347 /* Build configuration list for PBXProject "MemeMe1.0" */;
			compatibilityVersion = "Xcode 9.3";
			developmentRegion = en;
			hasScannedForEncodings = 0;
			knownRegions = (
				en,
				Base,
			);
			mainGroup = FE81BC7725A9DD8D0041B347;
			productRefGroup = FE81BC8125A9DD8D0041B347 /* Products */;
			projectDirPath = "";
			projectRoot = "";
			targets = (
				FE81BC7F25A9DD8D0041B347 /* MemeMe1.0 */,
			);
		};
/* End PBXProject section */

/* Begin PBXResourcesBuildPhase section */
		FE81BC7E25A9DD8D0041B347 /* Resources */ = {
			isa = PBXResourcesBuildPhase;
			buildActionMask = 2147483647;
			files = (
				FE81BC9025A9DD910041B347 /* LaunchScreen.storyboard in Resources */,
				FE81BC8D25A9DD910041B347 /* Assets.xcassets in Resources */,
				FE81BC8B25A9DD8D0041B347 /* Main.storyboard in Resources */,
			);
			runOnlyForDeploymentPostprocessing = 0;
		};
/* End PBXResourcesBuildPhase section */

/* Begin PBXSourcesBuildPhase section */
		FE81BC7C25A9DD8D0041B347 /* Sources */ = {
			isa = PBXSourcesBuildPhase;
			buildActionMask = 2147483647;
			files = (
				FE30800E25B9A842009B9EA1 /* CollectionViewController.swift in Sources */,
				FE81BC8825A9DD8D0041B347 /* EditorViewController.swift in Sources */,
				FE30800725B9A510009B9EA1 /* Meme.swift in Sources */,
				FE81BC8425A9DD8D0041B347 /* AppDelegate.swift in Sources */,
				FE98752F25BEF22700133E52 /* NavigationViewController.swift in Sources */,
				FE30800B25B9A82D009B9EA1 /* TableViewController.swift in Sources */,
				FE81BC8625A9DD8D0041B347 /* SceneDelegate.swift in Sources */,
			);
			runOnlyForDeploymentPostprocessing = 0;
		};
/* End PBXSourcesBuildPhase section */

/* Begin PBXVariantGroup section */
		FE81BC8925A9DD8D0041B347 /* Main.storyboard */ = {
			isa = PBXVariantGroup;
			children = (
				FE81BC8A25A9DD8D0041B347 /* Base */,
			);
			name = Main.storyboard;
			sourceTree = "<group>";
		};
		FE81BC8E25A9DD910041B347 /* LaunchScreen.storyboard */ = {
			isa = PBXVariantGroup;
			children = (
				FE81BC8F25A9DD910041B347 /* Base */,
			);
			name = LaunchScreen.storyboard;
			sourceTree = "<group>";
		};
/* End PBXVariantGroup section */

/* Begin XCBuildConfiguration section */
		FE81BC9225A9DD910041B347 /* Debug */ = {
			isa = XCBuildConfiguration;
			buildSettings = {
				ALWAYS_SEARCH_USER_PATHS = NO;
				CLANG_ANALYZER_NONNULL = YES;
				CLANG_ANALYZER_NUMBER_OBJECT_CONVERSION = YES_AGGRESSIVE;
				CLANG_CXX_LANGUAGE_STANDARD = "gnu++14";
				CLANG_CXX_LIBRARY = "libc++";
				CLANG_ENABLE_MODULES = YES;
				CLANG_ENABLE_OBJC_ARC = YES;
				CLANG_ENABLE_OBJC_WEAK = YES;
				CLANG_WARN_BLOCK_CAPTURE_AUTORELEASING = YES;
				CLANG_WARN_BOOL_CONVERSION = YES;
				CLANG_WARN_COMMA = YES;
				CLANG_WARN_CONSTANT_CONVERSION = YES;
				CLANG_WARN_DEPRECATED_OBJC_IMPLEMENTATIONS = YES;
				CLANG_WARN_DIRECT_OBJC_ISA_USAGE = YES_ERROR;
				CLANG_WARN_DOCUMENTATION_COMMENTS = YES;
				CLANG_WARN_EMPTY_BODY = YES;
				CLANG_WARN_ENUM_CONVERSION = YES;
				CLANG_WARN_INFINITE_RECURSION = YES;
				CLANG_WARN_INT_CONVERSION = YES;
				CLANG_WARN_NON_LITERAL_NULL_CONVERSION = YES;
				CLANG_WARN_OBJC_IMPLICIT_RETAIN_SELF = YES;
				CLANG_WARN_OBJC_LITERAL_CONVERSION = YES;
				CLANG_WARN_OBJC_ROOT_CLASS = YES_ERROR;
				CLANG_WARN_QUOTED_INCLUDE_IN_FRAMEWORK_HEADER = YES;
				CLANG_WARN_RANGE_LOOP_ANALYSIS = YES;
				CLANG_WARN_STRICT_PROTOTYPES = YES;
				CLANG_WARN_SUSPICIOUS_MOVE = YES;
				CLANG_WARN_UNGUARDED_AVAILABILITY = YES_AGGRESSIVE;
				CLANG_WARN_UNREACHABLE_CODE = YES;
				CLANG_WARN__DUPLICATE_METHOD_MATCH = YES;
				COPY_PHASE_STRIP = NO;
				DEBUG_INFORMATION_FORMAT = dwarf;
				ENABLE_STRICT_OBJC_MSGSEND = YES;
				ENABLE_TESTABILITY = YES;
				GCC_C_LANGUAGE_STANDARD = gnu11;
				GCC_DYNAMIC_NO_PIC = NO;
				GCC_NO_COMMON_BLOCKS = YES;
				GCC_OPTIMIZATION_LEVEL = 0;
				GCC_PREPROCESSOR_DEFINITIONS = (
					"DEBUG=1",
					"$(inherited)",
				);
				GCC_WARN_64_TO_32_BIT_CONVERSION = YES;
				GCC_WARN_ABOUT_RETURN_TYPE = YES_ERROR;
				GCC_WARN_UNDECLARED_SELECTOR = YES;
				GCC_WARN_UNINITIALIZED_AUTOS = YES_AGGRESSIVE;
				GCC_WARN_UNUSED_FUNCTION = YES;
				GCC_WARN_UNUSED_VARIABLE = YES;
				IPHONEOS_DEPLOYMENT_TARGET = 14.2;
				MTL_ENABLE_DEBUG_INFO = INCLUDE_SOURCE;
				MTL_FAST_MATH = YES;
				ONLY_ACTIVE_ARCH = YES;
				SDKROOT = iphoneos;
				SWIFT_ACTIVE_COMPILATION_CONDITIONS = DEBUG;
				SWIFT_OPTIMIZATION_LEVEL = "-Onone";
			};
			name = Debug;
		};
		FE81BC9325A9DD910041B347 /* Release */ = {
			isa = XCBuildConfiguration;
			buildSettings = {
				ALWAYS_SEARCH_USER_PATHS = NO;
				CLANG_ANALYZER_NONNULL = YES;
				CLANG_ANALYZER_NUMBER_OBJECT_CONVERSION = YES_AGGRESSIVE;
				CLANG_CXX_LANGUAGE_STANDARD = "gnu++14";
				CLANG_CXX_LIBRARY = "libc++";
				CLANG_ENABLE_MODULES = YES;
				CLANG_ENABLE_OBJC_ARC = YES;
				CLANG_ENABLE_OBJC_WEAK = YES;
				CLANG_WARN_BLOCK_CAPTURE_AUTORELEASING = YES;
				CLANG_WARN_BOOL_CONVERSION = YES;
				CLANG_WARN_COMMA = YES;
				CLANG_WARN_CONSTANT_CONVERSION = YES;
				CLANG_WARN_DEPRECATED_OBJC_IMPLEMENTATIONS = YES;
				CLANG_WARN_DIRECT_OBJC_ISA_USAGE = YES_ERROR;
				CLANG_WARN_DOCUMENTATION_COMMENTS = YES;
				CLANG_WARN_EMPTY_BODY = YES;
				CLANG_WARN_ENUM_CONVERSION = YES;
				CLANG_WARN_INFINITE_RECURSION = YES;
				CLANG_WARN_INT_CONVERSION = YES;
				CLANG_WARN_NON_LITERAL_NULL_CONVERSION = YES;
				CLANG_WARN_OBJC_IMPLICIT_RETAIN_SELF = YES;
				CLANG_WARN_OBJC_LITERAL_CONVERSION = YES;
				CLANG_WARN_OBJC_ROOT_CLASS = YES_ERROR;
				CLANG_WARN_QUOTED_INCLUDE_IN_FRAMEWORK_HEADER = YES;
				CLANG_WARN_RANGE_LOOP_ANALYSIS = YES;
				CLANG_WARN_STRICT_PROTOTYPES = YES;
				CLANG_WARN_SUSPICIOUS_MOVE = YES;
				CLANG_WARN_UNGUARDED_AVAILABILITY = YES_AGGRESSIVE;
				CLANG_WARN_UNREACHABLE_CODE = YES;
				CLANG_WARN__DUPLICATE_METHOD_MATCH = YES;
				COPY_PHASE_STRIP = NO;
				DEBUG_INFORMATION_FORMAT = "dwarf-with-dsym";
				ENABLE_NS_ASSERTIONS = NO;
				ENABLE_STRICT_OBJC_MSGSEND = YES;
				GCC_C_LANGUAGE_STANDARD = gnu11;
				GCC_NO_COMMON_BLOCKS = YES;
				GCC_WARN_64_TO_32_BIT_CONVERSION = YES;
				GCC_WARN_ABOUT_RETURN_TYPE = YES_ERROR;
				GCC_WARN_UNDECLARED_SELECTOR = YES;
				GCC_WARN_UNINITIALIZED_AUTOS = YES_AGGRESSIVE;
				GCC_WARN_UNUSED_FUNCTION = YES;
				GCC_WARN_UNUSED_VARIABLE = YES;
				IPHONEOS_DEPLOYMENT_TARGET = 14.2;
				MTL_ENABLE_DEBUG_INFO = NO;
				MTL_FAST_MATH = YES;
				SDKROOT = iphoneos;
				SWIFT_COMPILATION_MODE = wholemodule;
				SWIFT_OPTIMIZATION_LEVEL = "-O";
				VALIDATE_PRODUCT = YES;
			};
			name = Release;
		};
		FE81BC9525A9DD910041B347 /* Debug */ = {
			isa = XCBuildConfiguration;
			buildSettings = {
				ASSETCATALOG_COMPILER_APPICON_NAME = AppIcon;
				ASSETCATALOG_COMPILER_GLOBAL_ACCENT_COLOR_NAME = AccentColor;
				CODE_SIGN_STYLE = Automatic;
				DEVELOPMENT_TEAM = FX5AX2F4W4;
				INFOPLIST_FILE = MemeMe1.0/Info.plist;
				LD_RUNPATH_SEARCH_PATHS = (
					"$(inherited)",
					"@executable_path/Frameworks",
				);
				PRODUCT_BUNDLE_IDENTIFIER = com.udacity.galina.MemeMe1.0;
				PRODUCT_NAME = "$(TARGET_NAME)";
				SWIFT_VERSION = 5.0;
				TARGETED_DEVICE_FAMILY = "1,2";
			};
			name = Debug;
		};
		FE81BC9625A9DD910041B347 /* Release */ = {
			isa = XCBuildConfiguration;
			buildSettings = {
				ASSETCATALOG_COMPILER_APPICON_NAME = AppIcon;
				ASSETCATALOG_COMPILER_GLOBAL_ACCENT_COLOR_NAME = AccentColor;
				CODE_SIGN_STYLE = Automatic;
				DEVELOPMENT_TEAM = FX5AX2F4W4;
				INFOPLIST_FILE = MemeMe1.0/Info.plist;
				LD_RUNPATH_SEARCH_PATHS = (
					"$(inherited)",
					"@executable_path/Frameworks",
				);
				PRODUCT_BUNDLE_IDENTIFIER = com.udacity.galina.MemeMe1.0;
				PRODUCT_NAME = "$(TARGET_NAME)";
				SWIFT_VERSION = 5.0;
				TARGETED_DEVICE_FAMILY = "1,2";
			};
			name = Release;
		};
/* End XCBuildConfiguration section */

/* Begin XCConfigurationList section */
		FE81BC7B25A9DD8D0041B347 /* Build configuration list for PBXProject "MemeMe1.0" */ = {
			isa = XCConfigurationList;
			buildConfigurations = (
				FE81BC9225A9DD910041B347 /* Debug */,
				FE81BC9325A9DD910041B347 /* Release */,
			);
			defaultConfigurationIsVisible = 0;
			defaultConfigurationName = Release;
		};
		FE81BC9425A9DD910041B347 /* Build configuration list for PBXNativeTarget "MemeMe1.0" */ = {
			isa = XCConfigurationList;
			buildConfigurations = (
				FE81BC9525A9DD910041B347 /* Debug */,
				FE81BC9625A9DD910041B347 /* Release */,
			);
			defaultConfigurationIsVisible = 0;
			defaultConfigurationName = Release;
		};
/* End XCConfigurationList section */
	};
	rootObject = FE81BC7825A9DD8D0041B347 /* Project object */;
}
